
Microsoft Visual Studio Solution File, Format Version 11.00
# Visual Studio 2010
Project("{FAE04EC0-301F-11D3-BF4B-00C04F79EFBC}") = "Momoclo", "Momoclo\Momoclo.csproj", "{99B6E3A8-5F64-4085-81CA-9EB61F7F7B08}"
EndProject
Global
	GlobalSection(SolutionConfigurationPlatforms) = preSolution
		Debug|Any CPU = Debug|Any CPU
		Release|Any CPU = Release|Any CPU
	EndGlobalSection
	GlobalSection(ProjectConfigurationPlatforms) = postSolution
		{99B6E3A8-5F64-4085-81CA-9EB61F7F7B08}.Debug|Any CPU.ActiveCfg = Debug|Any CPU
		{99B6E3A8-5F64-4085-81CA-9EB61F7F7B08}.Debug|Any CPU.Build.0 = Debug|Any CPU
		{99B6E3A8-5F64-4085-81CA-9EB61F7F7B08}.Release|Any CPU.ActiveCfg = Release|Any CPU
		{99B6E3A8-5F64-4085-81CA-9EB61F7F7B08}.Release|Any CPU.Build.0 = Release|Any CPU
	EndGlobalSection
	GlobalSection(SolutionProperties) = preSolution
		HideSolutionNode = FALSE
	EndGlobalSection
EndGlobal
